// !$*UTF8*$!
{
	archiveVersion = 1;
	classes = {
	};
	objectVersion = 50;
	objects = {

/* Begin PBXBuildFile section */
		1662B88355ECE9CB56C9A094 /* libPods-NewObj.a in Frameworks */ = {isa = PBXBuildFile; fileRef = 11005ED78C6EF3296415882A /* libPods-NewObj.a */; };
		DA05623E210A021A00225098 /* AppDelegate.m in Sources */ = {isa = PBXBuildFile; fileRef = DA05623D210A021A00225098 /* AppDelegate.m */; };
		DA056241210A021A00225098 /* ViewController.m in Sources */ = {isa = PBXBuildFile; fileRef = DA056240210A021A00225098 /* ViewController.m */; };
		DA056244210A021A00225098 /* Main.storyboard in Resources */ = {isa = PBXBuildFile; fileRef = DA056242210A021A00225098 /* Main.storyboard */; };
		DA056246210A021B00225098 /* Assets.xcassets in Resources */ = {isa = PBXBuildFile; fileRef = DA056245210A021B00225098 /* Assets.xcassets */; };
		DA056249210A021B00225098 /* LaunchScreen.storyboard in Resources */ = {isa = PBXBuildFile; fileRef = DA056247210A021B00225098 /* LaunchScreen.storyboard */; };
		DA05624C210A021B00225098 /* main.m in Sources */ = {isa = PBXBuildFile; fileRef = DA05624B210A021B00225098 /* main.m */; };
		DA056256210A021C00225098 /* NewObjTests.m in Sources */ = {isa = PBXBuildFile; fileRef = DA056255210A021C00225098 /* NewObjTests.m */; };
		DA056261210A021C00225098 /* NewObjUITests.m in Sources */ = {isa = PBXBuildFile; fileRef = DA056260210A021C00225098 /* NewObjUITests.m */; };
		DA056276210A02BA00225098 /* FXShowAlertController.m in Sources */ = {isa = PBXBuildFile; fileRef = DA056275210A02BA00225098 /* FXShowAlertController.m */; };
		DA05627C210A160C00225098 /* MainViewController.m in Sources */ = {isa = PBXBuildFile; fileRef = DA05627B210A160C00225098 /* MainViewController.m */; };
		DA056280210A187E00225098 /* MyAlertViewController.m in Sources */ = {isa = PBXBuildFile; fileRef = DA05627F210A187E00225098 /* MyAlertViewController.m */; };
		DA19007B219AFFDF00BBCA45 /* HttpHelper.m in Sources */ = {isa = PBXBuildFile; fileRef = DA190072219AFFDF00BBCA45 /* HttpHelper.m */; };
		DA19007C219AFFDF00BBCA45 /* HttpHelpBase.m in Sources */ = {isa = PBXBuildFile; fileRef = DA190075219AFFDF00BBCA45 /* HttpHelpBase.m */; };
		DA190082219B018800BBCA45 /* OneViewController.m in Sources */ = {isa = PBXBuildFile; fileRef = DA190080219B018800BBCA45 /* OneViewController.m */; };
		DA190083219B018800BBCA45 /* OneViewController.xib in Resources */ = {isa = PBXBuildFile; fileRef = DA190081219B018800BBCA45 /* OneViewController.xib */; };
		DA190088219B0CCB00BBCA45 /* MyTableViewCell.m in Sources */ = {isa = PBXBuildFile; fileRef = DA190086219B0CCB00BBCA45 /* MyTableViewCell.m */; };
		DA190089219B0CCB00BBCA45 /* MyTableViewCell.xib in Resources */ = {isa = PBXBuildFile; fileRef = DA190087219B0CCB00BBCA45 /* MyTableViewCell.xib */; };
		DA19008B219B1F0200BBCA45 /* HYQuangTangShiTiJ.ttf in Resources */ = {isa = PBXBuildFile; fileRef = DA19008A219B1F0100BBCA45 /* HYQuangTangShiTiJ.ttf */; };
		DA190090219B24E100BBCA45 /* JsonDeal.m in Sources */ = {isa = PBXBuildFile; fileRef = DA19008E219B24E000BBCA45 /* JsonDeal.m */; };
		DA190094219B251300BBCA45 /* AllInterface.m in Sources */ = {isa = PBXBuildFile; fileRef = DA190093219B251300BBCA45 /* AllInterface.m */; };
		DA190097219B262B00BBCA45 /* OneModel.m in Sources */ = {isa = PBXBuildFile; fileRef = DA190096219B262B00BBCA45 /* OneModel.m */; };
		DA19009B219B271000BBCA45 /* BaseModel.m in Sources */ = {isa = PBXBuildFile; fileRef = DA190099219B271000BBCA45 /* BaseModel.m */; };
		DAE70A1C219C4ECC0081D5E9 /* DetailViewController.m in Sources */ = {isa = PBXBuildFile; fileRef = DAE70A1A219C4ECC0081D5E9 /* DetailViewController.m */; };
		DAE70A1D219C4ECC0081D5E9 /* DetailViewController.xib in Resources */ = {isa = PBXBuildFile; fileRef = DAE70A1B219C4ECC0081D5E9 /* DetailViewController.xib */; };
		DAE70A24219C5BCC0081D5E9 /* JhlvShowAlertController.m in Sources */ = {isa = PBXBuildFile; fileRef = DAE70A22219C5BCB0081D5E9 /* JhlvShowAlertController.m */; };
		DAE70A25219C5BCC0081D5E9 /* CustomView.m in Sources */ = {isa = PBXBuildFile; fileRef = DAE70A23219C5BCB0081D5E9 /* CustomView.m */; };
		DAE70A37219C6BF60081D5E9 /* NSDate+JKLunarCalendar.m in Sources */ = {isa = PBXBuildFile; fileRef = DAE70A2B219C6BF50081D5E9 /* NSDate+JKLunarCalendar.m */; };
		DAE70A38219C6BF60081D5E9 /* NSDate+JKExtension.m in Sources */ = {isa = PBXBuildFile; fileRef = DAE70A2D219C6BF50081D5E9 /* NSDate+JKExtension.m */; };
		DAE70A39219C6BF60081D5E9 /* NSDate+JKInternetDateTime.m in Sources */ = {isa = PBXBuildFile; fileRef = DAE70A2E219C6BF50081D5E9 /* NSDate+JKInternetDateTime.m */; };
		DAE70A3A219C6BF60081D5E9 /* NSDate+JKFormatter.m in Sources */ = {isa = PBXBuildFile; fileRef = DAE70A2F219C6BF50081D5E9 /* NSDate+JKFormatter.m */; };
		DAE70A3B219C6BF60081D5E9 /* NSDate+JKUtilities.m in Sources */ = {isa = PBXBuildFile; fileRef = DAE70A30219C6BF50081D5E9 /* NSDate+JKUtilities.m */; };
		DAE70A3C219C6BF60081D5E9 /* NSDate+JKReporting.m in Sources */ = {isa = PBXBuildFile; fileRef = DAE70A31219C6BF50081D5E9 /* NSDate+JKReporting.m */; };
		DAE70A3D219C6BF60081D5E9 /* NSDate+JKZeroDate.m in Sources */ = {isa = PBXBuildFile; fileRef = DAE70A32219C6BF50081D5E9 /* NSDate+JKZeroDate.m */; };
		DAE70A3E219C6BF60081D5E9 /* NSDate+JKCupertinoYankee.m in Sources */ = {isa = PBXBuildFile; fileRef = DAE70A36219C6BF50081D5E9 /* NSDate+JKCupertinoYankee.m */; };
/* End PBXBuildFile section */

/* Begin PBXContainerItemProxy section */
		DA056252210A021C00225098 /* PBXContainerItemProxy */ = {
			isa = PBXContainerItemProxy;
			containerPortal = DA056231210A021A00225098 /* Project object */;
			proxyType = 1;
			remoteGlobalIDString = DA056238210A021A00225098;
			remoteInfo = NewObj;
		};
		DA05625D210A021C00225098 /* PBXContainerItemProxy */ = {
			isa = PBXContainerItemProxy;
			containerPortal = DA056231210A021A00225098 /* Project object */;
			proxyType = 1;
			remoteGlobalIDString = DA056238210A021A00225098;
			remoteInfo = NewObj;
		};
/* End PBXContainerItemProxy section */

/* Begin PBXFileReference section */
		11005ED78C6EF3296415882A /* libPods-NewObj.a */ = {isa = PBXFileReference; explicitFileType = archive.ar; includeInIndex = 0; path = "libPods-NewObj.a"; sourceTree = BUILT_PRODUCTS_DIR; };
		707C27831B1601F779BC9ACB /* Pods-NewObj.release.xcconfig */ = {isa = PBXFileReference; includeInIndex = 1; lastKnownFileType = text.xcconfig; name = "Pods-NewObj.release.xcconfig"; path = "Pods/Target Support Files/Pods-NewObj/Pods-NewObj.release.xcconfig"; sourceTree = "<group>"; };
		CB4CC8F8CBC25FCE81FB6634 /* Pods-NewObj.debug.xcconfig */ = {isa = PBXFileReference; includeInIndex = 1; lastKnownFileType = text.xcconfig; name = "Pods-NewObj.debug.xcconfig"; path = "Pods/Target Support Files/Pods-NewObj/Pods-NewObj.debug.xcconfig"; sourceTree = "<group>"; };
		DA056239210A021A00225098 /* NewObj.app */ = {isa = PBXFileReference; explicitFileType = wrapper.application; includeInIndex = 0; path = NewObj.app; sourceTree = BUILT_PRODUCTS_DIR; };
		DA05623C210A021A00225098 /* AppDelegate.h */ = {isa = PBXFileReference; lastKnownFileType = sourcecode.c.h; path = AppDelegate.h; sourceTree = "<group>"; };
		DA05623D210A021A00225098 /* AppDelegate.m */ = {isa = PBXFileReference; lastKnownFileType = sourcecode.c.objc; path = AppDelegate.m; sourceTree = "<group>"; };
		DA05623F210A021A00225098 /* ViewController.h */ = {isa = PBXFileReference; lastKnownFileType = sourcecode.c.h; path = ViewController.h; sourceTree = "<group>"; };
		DA056240210A021A00225098 /* ViewController.m */ = {isa = PBXFileReference; lastKnownFileType = sourcecode.c.objc; path = ViewController.m; sourceTree = "<group>"; };
		DA056243210A021A00225098 /* Base */ = {isa = PBXFileReference; lastKnownFileType = file.storyboard; name = Base; path = Base.lproj/Main.storyboard; sourceTree = "<group>"; };
		DA056245210A021B00225098 /* Assets.xcassets */ = {isa = PBXFileReference; lastKnownFileType = folder.assetcatalog; path = Assets.xcassets; sourceTree = "<group>"; };
		DA056248210A021B00225098 /* Base */ = {isa = PBXFileReference; lastKnownFileType = file.storyboard; name = Base; path = Base.lproj/LaunchScreen.storyboard; sourceTree = "<group>"; };
		DA05624A210A021B00225098 /* Info.plist */ = {isa = PBXFileReference; lastKnownFileType = text.plist.xml; path = Info.plist; sourceTree = "<group>"; };
		DA05624B210A021B00225098 /* main.m */ = {isa = PBXFileReference; lastKnownFileType = sourcecode.c.objc; path = main.m; sourceTree = "<group>"; };
		DA056251210A021C00225098 /* NewObjTests.xctest */ = {isa = PBXFileReference; explicitFileType = wrapper.cfbundle; includeInIndex = 0; path = NewObjTests.xctest; sourceTree = BUILT_PRODUCTS_DIR; };
		DA056255210A021C00225098 /* NewObjTests.m */ = {isa = PBXFileReference; lastKnownFileType = sourcecode.c.objc; path = NewObjTests.m; sourceTree = "<group>"; };
		DA056257210A021C00225098 /* Info.plist */ = {isa = PBXFileReference; lastKnownFileType = text.plist.xml; path = Info.plist; sourceTree = "<group>"; };
		DA05625C210A021C00225098 /* NewObjUITests.xctest */ = {isa = PBXFileReference; explicitFileType = wrapper.cfbundle; includeInIndex = 0; path = NewObjUITests.xctest; sourceTree = BUILT_PRODUCTS_DIR; };
		DA056260210A021C00225098 /* NewObjUITests.m */ = {isa = PBXFileReference; lastKnownFileType = sourcecode.c.objc; path = NewObjUITests.m; sourceTree = "<group>"; };
		DA056262210A021C00225098 /* Info.plist */ = {isa = PBXFileReference; lastKnownFileType = text.plist.xml; path = Info.plist; sourceTree = "<group>"; };
		DA056274210A02BA00225098 /* FXShowAlertController.h */ = {isa = PBXFileReference; lastKnownFileType = sourcecode.c.h; path = FXShowAlertController.h; sourceTree = "<group>"; };
		DA056275210A02BA00225098 /* FXShowAlertController.m */ = {isa = PBXFileReference; lastKnownFileType = sourcecode.c.objc; path = FXShowAlertController.m; sourceTree = "<group>"; };
		DA056279210A150100225098 /* PrefixHeader.pch */ = {isa = PBXFileReference; lastKnownFileType = sourcecode.c.h; path = PrefixHeader.pch; sourceTree = "<group>"; };
		DA05627A210A160C00225098 /* MainViewController.h */ = {isa = PBXFileReference; lastKnownFileType = sourcecode.c.h; path = MainViewController.h; sourceTree = "<group>"; };
		DA05627B210A160C00225098 /* MainViewController.m */ = {isa = PBXFileReference; lastKnownFileType = sourcecode.c.objc; path = MainViewController.m; sourceTree = "<group>"; };
		DA05627E210A187E00225098 /* MyAlertViewController.h */ = {isa = PBXFileReference; lastKnownFileType = sourcecode.c.h; path = MyAlertViewController.h; sourceTree = "<group>"; };
		DA05627F210A187E00225098 /* MyAlertViewController.m */ = {isa = PBXFileReference; lastKnownFileType = sourcecode.c.objc; path = MyAlertViewController.m; sourceTree = "<group>"; };
		DA1900702199C71F00BBCA45 /* ViewSetting.h */ = {isa = PBXFileReference; lastKnownFileType = sourcecode.c.h; path = ViewSetting.h; sourceTree = "<group>"; };
		DA190072219AFFDF00BBCA45 /* HttpHelper.m */ = {isa = PBXFileReference; fileEncoding = 4; lastKnownFileType = sourcecode.c.objc; path = HttpHelper.m; sourceTree = "<group>"; };
		DA190073219AFFDF00BBCA45 /* HttpHelpBase.h */ = {isa = PBXFileReference; fileEncoding = 4; lastKnownFileType = sourcecode.c.h; path = HttpHelpBase.h; sourceTree = "<group>"; };
		DA190074219AFFDF00BBCA45 /* HttpHelper.h */ = {isa = PBXFileReference; fileEncoding = 4; lastKnownFileType = sourcecode.c.h; path = HttpHelper.h; sourceTree = "<group>"; };
		DA190075219AFFDF00BBCA45 /* HttpHelpBase.m */ = {isa = PBXFileReference; fileEncoding = 4; lastKnownFileType = sourcecode.c.objc; path = HttpHelpBase.m; sourceTree = "<group>"; };
		DA19007F219B018800BBCA45 /* OneViewController.h */ = {isa = PBXFileReference; lastKnownFileType = sourcecode.c.h; path = OneViewController.h; sourceTree = "<group>"; };
		DA190080219B018800BBCA45 /* OneViewController.m */ = {isa = PBXFileReference; lastKnownFileType = sourcecode.c.objc; path = OneViewController.m; sourceTree = "<group>"; };
		DA190081219B018800BBCA45 /* OneViewController.xib */ = {isa = PBXFileReference; lastKnownFileType = file.xib; path = OneViewController.xib; sourceTree = "<group>"; };
		DA190085219B0CCB00BBCA45 /* MyTableViewCell.h */ = {isa = PBXFileReference; lastKnownFileType = sourcecode.c.h; path = MyTableViewCell.h; sourceTree = "<group>"; };
		DA190086219B0CCB00BBCA45 /* MyTableViewCell.m */ = {isa = PBXFileReference; lastKnownFileType = sourcecode.c.objc; path = MyTableViewCell.m; sourceTree = "<group>"; };
		DA190087219B0CCB00BBCA45 /* MyTableViewCell.xib */ = {isa = PBXFileReference; lastKnownFileType = file.xib; path = MyTableViewCell.xib; sourceTree = "<group>"; };
		DA19008A219B1F0100BBCA45 /* HYQuangTangShiTiJ.ttf */ = {isa = PBXFileReference; lastKnownFileType = file; path = HYQuangTangShiTiJ.ttf; sourceTree = "<group>"; };
		DA19008E219B24E000BBCA45 /* JsonDeal.m */ = {isa = PBXFileReference; fileEncoding = 4; lastKnownFileType = sourcecode.c.objc; path = JsonDeal.m; sourceTree = "<group>"; };
		DA19008F219B24E000BBCA45 /* JsonDeal.h */ = {isa = PBXFileReference; fileEncoding = 4; lastKnownFileType = sourcecode.c.h; path = JsonDeal.h; sourceTree = "<group>"; };
		DA190092219B251300BBCA45 /* AllInterface.h */ = {isa = PBXFileReference; lastKnownFileType = sourcecode.c.h; path = AllInterface.h; sourceTree = "<group>"; };
		DA190093219B251300BBCA45 /* AllInterface.m */ = {isa = PBXFileReference; lastKnownFileType = sourcecode.c.objc; path = AllInterface.m; sourceTree = "<group>"; };
		DA190095219B262B00BBCA45 /* OneModel.h */ = {isa = PBXFileReference; lastKnownFileType = sourcecode.c.h; path = OneModel.h; sourceTree = "<group>"; };
		DA190096219B262B00BBCA45 /* OneModel.m */ = {isa = PBXFileReference; lastKnownFileType = sourcecode.c.objc; path = OneModel.m; sourceTree = "<group>"; };
		DA190099219B271000BBCA45 /* BaseModel.m */ = {isa = PBXFileReference; fileEncoding = 4; lastKnownFileType = sourcecode.c.objc; path = BaseModel.m; sourceTree = "<group>"; };
		DA19009A219B271000BBCA45 /* BaseModel.h */ = {isa = PBXFileReference; fileEncoding = 4; lastKnownFileType = sourcecode.c.h; path = BaseModel.h; sourceTree = "<group>"; };
		DAE70A17219C43430081D5E9 /* NewObj.entitlements */ = {isa = PBXFileReference; lastKnownFileType = text.plist.entitlements; path = NewObj.entitlements; sourceTree = "<group>"; };
		DAE70A19219C4ECC0081D5E9 /* DetailViewController.h */ = {isa = PBXFileReference; lastKnownFileType = sourcecode.c.h; path = DetailViewController.h; sourceTree = "<group>"; };
		DAE70A1A219C4ECC0081D5E9 /* DetailViewController.m */ = {isa = PBXFileReference; lastKnownFileType = sourcecode.c.objc; path = DetailViewController.m; sourceTree = "<group>"; };
		DAE70A1B219C4ECC0081D5E9 /* DetailViewController.xib */ = {isa = PBXFileReference; lastKnownFileType = file.xib; path = DetailViewController.xib; sourceTree = "<group>"; };
		DAE70A20219C5BCB0081D5E9 /* JhlvShowAlertController.h */ = {isa = PBXFileReference; fileEncoding = 4; lastKnownFileType = sourcecode.c.h; path = JhlvShowAlertController.h; sourceTree = "<group>"; };
		DAE70A21219C5BCB0081D5E9 /* CustomView.h */ = {isa = PBXFileReference; fileEncoding = 4; lastKnownFileType = sourcecode.c.h; path = CustomView.h; sourceTree = "<group>"; };
		DAE70A22219C5BCB0081D5E9 /* JhlvShowAlertController.m */ = {isa = PBXFileReference; fileEncoding = 4; lastKnownFileType = sourcecode.c.objc; path = JhlvShowAlertController.m; sourceTree = "<group>"; };
		DAE70A23219C5BCB0081D5E9 /* CustomView.m */ = {isa = PBXFileReference; fileEncoding = 4; lastKnownFileType = sourcecode.c.objc; path = CustomView.m; sourceTree = "<group>"; };
		DAE70A27219C6BF50081D5E9 /* NSDate+JKZeroDate.h */ = {isa = PBXFileReference; fileEncoding = 4; lastKnownFileType = sourcecode.c.h; path = "NSDate+JKZeroDate.h"; sourceTree = "<group>"; };
		DAE70A28219C6BF50081D5E9 /* NSDate+JKReporting.h */ = {isa = PBXFileReference; fileEncoding = 4; lastKnownFileType = sourcecode.c.h; path = "NSDate+JKReporting.h"; sourceTree = "<group>"; };
		DAE70A29219C6BF50081D5E9 /* NSDate+JKUtilities.h */ = {isa = PBXFileReference; fileEncoding = 4; lastKnownFileType = sourcecode.c.h; path = "NSDate+JKUtilities.h"; sourceTree = "<group>"; };
		DAE70A2A219C6BF50081D5E9 /* NSDate+JKFormatter.h */ = {isa = PBXFileReference; fileEncoding = 4; lastKnownFileType = sourcecode.c.h; path = "NSDate+JKFormatter.h"; sourceTree = "<group>"; };
		DAE70A2B219C6BF50081D5E9 /* NSDate+JKLunarCalendar.m */ = {isa = PBXFileReference; fileEncoding = 4; lastKnownFileType = sourcecode.c.objc; path = "NSDate+JKLunarCalendar.m"; sourceTree = "<group>"; };
		DAE70A2C219C6BF50081D5E9 /* NSDate+JKCupertinoYankee.h */ = {isa = PBXFileReference; fileEncoding = 4; lastKnownFileType = sourcecode.c.h; path = "NSDate+JKCupertinoYankee.h"; sourceTree = "<group>"; };
		DAE70A2D219C6BF50081D5E9 /* NSDate+JKExtension.m */ = {isa = PBXFileReference; fileEncoding = 4; lastKnownFileType = sourcecode.c.objc; path = "NSDate+JKExtension.m"; sourceTree = "<group>"; };
		DAE70A2E219C6BF50081D5E9 /* NSDate+JKInternetDateTime.m */ = {isa = PBXFileReference; fileEncoding = 4; lastKnownFileType = sourcecode.c.objc; path = "NSDate+JKInternetDateTime.m"; sourceTree = "<group>"; };
		DAE70A2F219C6BF50081D5E9 /* NSDate+JKFormatter.m */ = {isa = PBXFileReference; fileEncoding = 4; lastKnownFileType = sourcecode.c.objc; path = "NSDate+JKFormatter.m"; sourceTree = "<group>"; };
		DAE70A30219C6BF50081D5E9 /* NSDate+JKUtilities.m */ = {isa = PBXFileReference; fileEncoding = 4; lastKnownFileType = sourcecode.c.objc; path = "NSDate+JKUtilities.m"; sourceTree = "<group>"; };
		DAE70A31219C6BF50081D5E9 /* NSDate+JKReporting.m */ = {isa = PBXFileReference; fileEncoding = 4; lastKnownFileType = sourcecode.c.objc; path = "NSDate+JKReporting.m"; sourceTree = "<group>"; };
		DAE70A32219C6BF50081D5E9 /* NSDate+JKZeroDate.m */ = {isa = PBXFileReference; fileEncoding = 4; lastKnownFileType = sourcecode.c.objc; path = "NSDate+JKZeroDate.m"; sourceTree = "<group>"; };
		DAE70A33219C6BF50081D5E9 /* NSDate+JKLunarCalendar.h */ = {isa = PBXFileReference; fileEncoding = 4; lastKnownFileType = sourcecode.c.h; path = "NSDate+JKLunarCalendar.h"; sourceTree = "<group>"; };
		DAE70A34219C6BF50081D5E9 /* NSDate+JKInternetDateTime.h */ = {isa = PBXFileReference; fileEncoding = 4; lastKnownFileType = sourcecode.c.h; path = "NSDate+JKInternetDateTime.h"; sourceTree = "<group>"; };
		DAE70A35219C6BF50081D5E9 /* NSDate+JKExtension.h */ = {isa = PBXFileReference; fileEncoding = 4; lastKnownFileType = sourcecode.c.h; path = "NSDate+JKExtension.h"; sourceTree = "<group>"; };
		DAE70A36219C6BF50081D5E9 /* NSDate+JKCupertinoYankee.m */ = {isa = PBXFileReference; fileEncoding = 4; lastKnownFileType = sourcecode.c.objc; path = "NSDate+JKCupertinoYankee.m"; sourceTree = "<group>"; };
/* End PBXFileReference section */

/* Begin PBXFrameworksBuildPhase section */
		DA056236210A021A00225098 /* Frameworks */ = {
			isa = PBXFrameworksBuildPhase;
			buildActionMask = 2147483647;
			files = (
				1662B88355ECE9CB56C9A094 /* libPods-NewObj.a in Frameworks */,
			);
			runOnlyForDeploymentPostprocessing = 0;
		};
		DA05624E210A021C00225098 /* Frameworks */ = {
			isa = PBXFrameworksBuildPhase;
			buildActionMask = 2147483647;
			files = (
			);
			runOnlyForDeploymentPostprocessing = 0;
		};
		DA056259210A021C00225098 /* Frameworks */ = {
			isa = PBXFrameworksBuildPhase;
			buildActionMask = 2147483647;
			files = (
			);
			runOnlyForDeploymentPostprocessing = 0;
		};
/* End PBXFrameworksBuildPhase section */

/* Begin PBXGroup section */
		03ECB02612BB46A49223481D /* Frameworks */ = {
			isa = PBXGroup;
			children = (
				11005ED78C6EF3296415882A /* libPods-NewObj.a */,
			);
			name = Frameworks;
			sourceTree = "<group>";
		};
		6060EEF9D408E6C7A7940422 /* Pods */ = {
			isa = PBXGroup;
			children = (
				CB4CC8F8CBC25FCE81FB6634 /* Pods-NewObj.debug.xcconfig */,
				707C27831B1601F779BC9ACB /* Pods-NewObj.release.xcconfig */,
			);
			name = Pods;
			sourceTree = "<group>";
		};
		DA056230210A021A00225098 = {
			isa = PBXGroup;
			children = (
				DA05623B210A021A00225098 /* NewObj */,
				DA056254210A021C00225098 /* NewObjTests */,
				DA05625F210A021C00225098 /* NewObjUITests */,
				DA05623A210A021A00225098 /* Products */,
				6060EEF9D408E6C7A7940422 /* Pods */,
				03ECB02612BB46A49223481D /* Frameworks */,
			);
			sourceTree = "<group>";
		};
		DA05623A210A021A00225098 /* Products */ = {
			isa = PBXGroup;
			children = (
				DA056239210A021A00225098 /* NewObj.app */,
				DA056251210A021C00225098 /* NewObjTests.xctest */,
				DA05625C210A021C00225098 /* NewObjUITests.xctest */,
			);
			name = Products;
			sourceTree = "<group>";
		};
		DA05623B210A021A00225098 /* NewObj */ = {
			isa = PBXGroup;
			children = (
				DAE70A26219C6BF50081D5E9 /* NSDate */,
				DAE70A1F219C5BCB0081D5E9 /* CustomView */,
				DAE70A17219C43430081D5E9 /* NewObj.entitlements */,
				DA190098219B271000BBCA45 /* BaseModel */,
				DA19008D219B24E000BBCA45 /* JsonDeal */,
				DA190071219AFFDF00BBCA45 /* HttpHelp */,
				DA056283210DFF8500225098 /* Xib */,
				DA056282210DFF6500225098 /* AppDelegate */,
				DA056281210DFF2200225098 /* Category */,
				DA056278210A07C600225098 /* Class */,
				DA056245210A021B00225098 /* Assets.xcassets */,
				DA05624A210A021B00225098 /* Info.plist */,
				DA05624B210A021B00225098 /* main.m */,
				DA1900702199C71F00BBCA45 /* ViewSetting.h */,
				DA056279210A150100225098 /* PrefixHeader.pch */,
				DA19008A219B1F0100BBCA45 /* HYQuangTangShiTiJ.ttf */,
			);
			path = NewObj;
			sourceTree = "<group>";
		};
		DA056254210A021C00225098 /* NewObjTests */ = {
			isa = PBXGroup;
			children = (
				DA056255210A021C00225098 /* NewObjTests.m */,
				DA056257210A021C00225098 /* Info.plist */,
			);
			path = NewObjTests;
			sourceTree = "<group>";
		};
		DA05625F210A021C00225098 /* NewObjUITests */ = {
			isa = PBXGroup;
			children = (
				DA056260210A021C00225098 /* NewObjUITests.m */,
				DA056262210A021C00225098 /* Info.plist */,
			);
			path = NewObjUITests;
			sourceTree = "<group>";
		};
		DA056270210A02A600225098 /* FXShowAlertController */ = {
			isa = PBXGroup;
			children = (
				DA056274210A02BA00225098 /* FXShowAlertController.h */,
				DA056275210A02BA00225098 /* FXShowAlertController.m */,
			);
			path = FXShowAlertController;
			sourceTree = "<group>";
		};
		DA056278210A07C600225098 /* Class */ = {
			isa = PBXGroup;
			children = (
				DAE70A18219C4EAA0081D5E9 /* DetailViewController */,
				DA1900672199C65000BBCA45 /* OneViewController */,
				DA05627A210A160C00225098 /* MainViewController.h */,
				DA05627B210A160C00225098 /* MainViewController.m */,
			);
			path = Class;
			sourceTree = "<group>";
		};
		DA05627D210A184A00225098 /* UIAlertController的封装 */ = {
			isa = PBXGroup;
			children = (
				DA05627E210A187E00225098 /* MyAlertViewController.h */,
				DA05627F210A187E00225098 /* MyAlertViewController.m */,
			);
			path = "UIAlertController的封装";
			sourceTree = "<group>";
		};
		DA056281210DFF2200225098 /* Category */ = {
			isa = PBXGroup;
			children = (
				DA05627D210A184A00225098 /* UIAlertController的封装 */,
				DA056270210A02A600225098 /* FXShowAlertController */,
			);
			path = Category;
			sourceTree = "<group>";
		};
		DA056282210DFF6500225098 /* AppDelegate */ = {
			isa = PBXGroup;
			children = (
				DA05623C210A021A00225098 /* AppDelegate.h */,
				DA05623D210A021A00225098 /* AppDelegate.m */,
				DA05623F210A021A00225098 /* ViewController.h */,
				DA056240210A021A00225098 /* ViewController.m */,
			);
			path = AppDelegate;
			sourceTree = "<group>";
		};
		DA056283210DFF8500225098 /* Xib */ = {
			isa = PBXGroup;
			children = (
				DA056242210A021A00225098 /* Main.storyboard */,
				DA056247210A021B00225098 /* LaunchScreen.storyboard */,
			);
			path = Xib;
			sourceTree = "<group>";
		};
		DA1900672199C65000BBCA45 /* OneViewController */ = {
			isa = PBXGroup;
			children = (
				DA190091219B24F600BBCA45 /* AllInterface */,
				DA19008C219B24A200BBCA45 /* Model */,
				DA190084219B0CB100BBCA45 /* Cell */,
				DA19007F219B018800BBCA45 /* OneViewController.h */,
				DA190080219B018800BBCA45 /* OneViewController.m */,
				DA190081219B018800BBCA45 /* OneViewController.xib */,
			);
			path = OneViewController;
			sourceTree = "<group>";
		};
		DA190071219AFFDF00BBCA45 /* HttpHelp */ = {
			isa = PBXGroup;
			children = (
				DA190074219AFFDF00BBCA45 /* HttpHelper.h */,
				DA190072219AFFDF00BBCA45 /* HttpHelper.m */,
				DA190073219AFFDF00BBCA45 /* HttpHelpBase.h */,
				DA190075219AFFDF00BBCA45 /* HttpHelpBase.m */,
			);
			path = HttpHelp;
			sourceTree = "<group>";
		};
		DA190084219B0CB100BBCA45 /* Cell */ = {
			isa = PBXGroup;
			children = (
				DA190085219B0CCB00BBCA45 /* MyTableViewCell.h */,
				DA190086219B0CCB00BBCA45 /* MyTableViewCell.m */,
				DA190087219B0CCB00BBCA45 /* MyTableViewCell.xib */,
			);
			path = Cell;
			sourceTree = "<group>";
		};
		DA19008C219B24A200BBCA45 /* Model */ = {
			isa = PBXGroup;
			children = (
				DA190095219B262B00BBCA45 /* OneModel.h */,
				DA190096219B262B00BBCA45 /* OneModel.m */,
			);
			path = Model;
			sourceTree = "<group>";
		};
		DA19008D219B24E000BBCA45 /* JsonDeal */ = {
			isa = PBXGroup;
			children = (
				DA19008E219B24E000BBCA45 /* JsonDeal.m */,
				DA19008F219B24E000BBCA45 /* JsonDeal.h */,
			);
			path = JsonDeal;
			sourceTree = "<group>";
		};
		DA190091219B24F600BBCA45 /* AllInterface */ = {
			isa = PBXGroup;
			children = (
				DA190092219B251300BBCA45 /* AllInterface.h */,
				DA190093219B251300BBCA45 /* AllInterface.m */,
			);
			path = AllInterface;
			sourceTree = "<group>";
		};
		DA190098219B271000BBCA45 /* BaseModel */ = {
			isa = PBXGroup;
			children = (
				DA190099219B271000BBCA45 /* BaseModel.m */,
				DA19009A219B271000BBCA45 /* BaseModel.h */,
			);
			path = BaseModel;
			sourceTree = "<group>";
		};
		DAE70A18219C4EAA0081D5E9 /* DetailViewController */ = {
			isa = PBXGroup;
			children = (
				DAE70A19219C4ECC0081D5E9 /* DetailViewController.h */,
				DAE70A1A219C4ECC0081D5E9 /* DetailViewController.m */,
				DAE70A1B219C4ECC0081D5E9 /* DetailViewController.xib */,
			);
			path = DetailViewController;
			sourceTree = "<group>";
		};
		DAE70A1F219C5BCB0081D5E9 /* CustomView */ = {
			isa = PBXGroup;
			children = (
				DAE70A20219C5BCB0081D5E9 /* JhlvShowAlertController.h */,
				DAE70A21219C5BCB0081D5E9 /* CustomView.h */,
				DAE70A22219C5BCB0081D5E9 /* JhlvShowAlertController.m */,
				DAE70A23219C5BCB0081D5E9 /* CustomView.m */,
			);
			path = CustomView;
			sourceTree = "<group>";
		};
		DAE70A26219C6BF50081D5E9 /* NSDate */ = {
			isa = PBXGroup;
			children = (
				DAE70A27219C6BF50081D5E9 /* NSDate+JKZeroDate.h */,
				DAE70A28219C6BF50081D5E9 /* NSDate+JKReporting.h */,
				DAE70A29219C6BF50081D5E9 /* NSDate+JKUtilities.h */,
				DAE70A2A219C6BF50081D5E9 /* NSDate+JKFormatter.h */,
				DAE70A2B219C6BF50081D5E9 /* NSDate+JKLunarCalendar.m */,
				DAE70A2C219C6BF50081D5E9 /* NSDate+JKCupertinoYankee.h */,
				DAE70A2D219C6BF50081D5E9 /* NSDate+JKExtension.m */,
				DAE70A2E219C6BF50081D5E9 /* NSDate+JKInternetDateTime.m */,
				DAE70A2F219C6BF50081D5E9 /* NSDate+JKFormatter.m */,
				DAE70A30219C6BF50081D5E9 /* NSDate+JKUtilities.m */,
				DAE70A31219C6BF50081D5E9 /* NSDate+JKReporting.m */,
				DAE70A32219C6BF50081D5E9 /* NSDate+JKZeroDate.m */,
				DAE70A33219C6BF50081D5E9 /* NSDate+JKLunarCalendar.h */,
				DAE70A34219C6BF50081D5E9 /* NSDate+JKInternetDateTime.h */,
				DAE70A35219C6BF50081D5E9 /* NSDate+JKExtension.h */,
				DAE70A36219C6BF50081D5E9 /* NSDate+JKCupertinoYankee.m */,
			);
			path = NSDate;
			sourceTree = "<group>";
		};
/* End PBXGroup section */

/* Begin PBXNativeTarget section */
		DA056238210A021A00225098 /* NewObj */ = {
			isa = PBXNativeTarget;
			buildConfigurationList = DA056265210A021C00225098 /* Build configuration list for PBXNativeTarget "NewObj" */;
			buildPhases = (
				22CAEB0A9B9B1C35AF06C4BB /* [CP] Check Pods Manifest.lock */,
				DA056235210A021A00225098 /* Sources */,
				DA056236210A021A00225098 /* Frameworks */,
				DA056237210A021A00225098 /* Resources */,
				93482A7361CE863600670CB2 /* [CP] Copy Pods Resources */,
			);
			buildRules = (
			);
			dependencies = (
			);
			name = NewObj;
			productName = NewObj;
			productReference = DA056239210A021A00225098 /* NewObj.app */;
			productType = "com.apple.product-type.application";
		};
		DA056250210A021C00225098 /* NewObjTests */ = {
			isa = PBXNativeTarget;
			buildConfigurationList = DA056268210A021C00225098 /* Build configuration list for PBXNativeTarget "NewObjTests" */;
			buildPhases = (
				DA05624D210A021C00225098 /* Sources */,
				DA05624E210A021C00225098 /* Frameworks */,
				DA05624F210A021C00225098 /* Resources */,
			);
			buildRules = (
			);
			dependencies = (
				DA056253210A021C00225098 /* PBXTargetDependency */,
			);
			name = NewObjTests;
			productName = NewObjTests;
			productReference = DA056251210A021C00225098 /* NewObjTests.xctest */;
			productType = "com.apple.product-type.bundle.unit-test";
		};
		DA05625B210A021C00225098 /* NewObjUITests */ = {
			isa = PBXNativeTarget;
			buildConfigurationList = DA05626B210A021C00225098 /* Build configuration list for PBXNativeTarget "NewObjUITests" */;
			buildPhases = (
				DA056258210A021C00225098 /* Sources */,
				DA056259210A021C00225098 /* Frameworks */,
				DA05625A210A021C00225098 /* Resources */,
			);
			buildRules = (
			);
			dependencies = (
				DA05625E210A021C00225098 /* PBXTargetDependency */,
			);
			name = NewObjUITests;
			productName = NewObjUITests;
			productReference = DA05625C210A021C00225098 /* NewObjUITests.xctest */;
			productType = "com.apple.product-type.bundle.ui-testing";
		};
/* End PBXNativeTarget section */

/* Begin PBXProject section */
		DA056231210A021A00225098 /* Project object */ = {
			isa = PBXProject;
			attributes = {
				LastUpgradeCheck = 0940;
				ORGANIZATIONNAME = xuannalisha;
				TargetAttributes = {
					DA056238210A021A00225098 = {
						CreatedOnToolsVersion = 9.4.1;
						SystemCapabilities = {
							com.apple.Push = {
								enabled = 1;
							};
						};
					};
					DA056250210A021C00225098 = {
						CreatedOnToolsVersion = 9.4.1;
						TestTargetID = DA056238210A021A00225098;
					};
					DA05625B210A021C00225098 = {
						CreatedOnToolsVersion = 9.4.1;
						TestTargetID = DA056238210A021A00225098;
					};
				};
			};
			buildConfigurationList = DA056234210A021A00225098 /* Build configuration list for PBXProject "NewObj" */;
			compatibilityVersion = "Xcode 9.3";
			developmentRegion = en;
			hasScannedForEncodings = 0;
			knownRegions = (
				en,
				Base,
			);
			mainGroup = DA056230210A021A00225098;
			productRefGroup = DA05623A210A021A00225098 /* Products */;
			projectDirPath = "";
			projectRoot = "";
			targets = (
				DA056238210A021A00225098 /* NewObj */,
				DA056250210A021C00225098 /* NewObjTests */,
				DA05625B210A021C00225098 /* NewObjUITests */,
			);
		};
/* End PBXProject section */

/* Begin PBXResourcesBuildPhase section */
		DA056237210A021A00225098 /* Resources */ = {
			isa = PBXResourcesBuildPhase;
			buildActionMask = 2147483647;
			files = (
				DA190089219B0CCB00BBCA45 /* MyTableViewCell.xib in Resources */,
				DA056249210A021B00225098 /* LaunchScreen.storyboard in Resources */,
				DAE70A1D219C4ECC0081D5E9 /* DetailViewController.xib in Resources */,
				DA056246210A021B00225098 /* Assets.xcassets in Resources */,
				DA056244210A021A00225098 /* Main.storyboard in Resources */,
				DA190083219B018800BBCA45 /* OneViewController.xib in Resources */,
				DA19008B219B1F0200BBCA45 /* HYQuangTangShiTiJ.ttf in Resources */,
			);
			runOnlyForDeploymentPostprocessing = 0;
		};
		DA05624F210A021C00225098 /* Resources */ = {
			isa = PBXResourcesBuildPhase;
			buildActionMask = 2147483647;
			files = (
			);
			runOnlyForDeploymentPostprocessing = 0;
		};
		DA05625A210A021C00225098 /* Resources */ = {
			isa = PBXResourcesBuildPhase;
			buildActionMask = 2147483647;
			files = (
			);
			runOnlyForDeploymentPostprocessing = 0;
		};
/* End PBXResourcesBuildPhase section */

/* Begin PBXShellScriptBuildPhase section */
		22CAEB0A9B9B1C35AF06C4BB /* [CP] Check Pods Manifest.lock */ = {
			isa = PBXShellScriptBuildPhase;
			buildActionMask = 2147483647;
			files = (
			);
			inputPaths = (
				"${PODS_PODFILE_DIR_PATH}/Podfile.lock",
				"${PODS_ROOT}/Manifest.lock",
			);
			name = "[CP] Check Pods Manifest.lock";
			outputPaths = (
				"$(DERIVED_FILE_DIR)/Pods-NewObj-checkManifestLockResult.txt",
			);
			runOnlyForDeploymentPostprocessing = 0;
			shellPath = /bin/sh;
			shellScript = "diff \"${PODS_PODFILE_DIR_PATH}/Podfile.lock\" \"${PODS_ROOT}/Manifest.lock\" > /dev/null\nif [ $? != 0 ] ; then\n    # print error to STDERR\n    echo \"error: The sandbox is not in sync with the Podfile.lock. Run 'pod install' or update your CocoaPods installation.\" >&2\n    exit 1\nfi\n# This output is used by Xcode 'outputs' to avoid re-running this script phase.\necho \"SUCCESS\" > \"${SCRIPT_OUTPUT_FILE_0}\"\n";
			showEnvVarsInLog = 0;
		};
		93482A7361CE863600670CB2 /* [CP] Copy Pods Resources */ = {
			isa = PBXShellScriptBuildPhase;
			buildActionMask = 2147483647;
			files = (
			);
			inputPaths = (
				"${SRCROOT}/Pods/Target Support Files/Pods-NewObj/Pods-NewObj-resources.sh",
				"${PODS_ROOT}/AVOSCloud/AVOS/AVOSCloud/AVOSCloud_Art.inc",
				"${PODS_ROOT}/IQKeyboardManager/IQKeyboardManager/Resources/IQKeyboardManager.bundle",
				"${PODS_ROOT}/MJRefresh/MJRefresh/MJRefresh.bundle",
			);
			name = "[CP] Copy Pods Resources";
			outputPaths = (
				"${TARGET_BUILD_DIR}/${UNLOCALIZED_RESOURCES_FOLDER_PATH}/AVOSCloud_Art.inc",
				"${TARGET_BUILD_DIR}/${UNLOCALIZED_RESOURCES_FOLDER_PATH}/IQKeyboardManager.bundle",
				"${TARGET_BUILD_DIR}/${UNLOCALIZED_RESOURCES_FOLDER_PATH}/MJRefresh.bundle",
			);
			runOnlyForDeploymentPostprocessing = 0;
			shellPath = /bin/sh;
			shellScript = "\"${SRCROOT}/Pods/Target Support Files/Pods-NewObj/Pods-NewObj-resources.sh\"\n";
			showEnvVarsInLog = 0;
		};
/* End PBXShellScriptBuildPhase section */

/* Begin PBXSourcesBuildPhase section */
		DA056235210A021A00225098 /* Sources */ = {
			isa = PBXSourcesBuildPhase;
			buildActionMask = 2147483647;
			files = (
				DAE70A37219C6BF60081D5E9 /* NSDate+JKLunarCalendar.m in Sources */,
				DA056241210A021A00225098 /* ViewController.m in Sources */,
				DA056276210A02BA00225098 /* FXShowAlertController.m in Sources */,
				DA190082219B018800BBCA45 /* OneViewController.m in Sources */,
				DA05624C210A021B00225098 /* main.m in Sources */,
				DA056280210A187E00225098 /* MyAlertViewController.m in Sources */,
				DAE70A24219C5BCC0081D5E9 /* JhlvShowAlertController.m in Sources */,
				DAE70A1C219C4ECC0081D5E9 /* DetailViewController.m in Sources */,
				DA05627C210A160C00225098 /* MainViewController.m in Sources */,
				DA19007C219AFFDF00BBCA45 /* HttpHelpBase.m in Sources */,
				DAE70A3A219C6BF60081D5E9 /* NSDate+JKFormatter.m in Sources */,
				DAE70A3D219C6BF60081D5E9 /* NSDate+JKZeroDate.m in Sources */,
				DA190097219B262B00BBCA45 /* OneModel.m in Sources */,
				DAE70A39219C6BF60081D5E9 /* NSDate+JKInternetDateTime.m in Sources */,
				DA190090219B24E100BBCA45 /* JsonDeal.m in Sources */,
				DA19007B219AFFDF00BBCA45 /* HttpHelper.m in Sources */,
				DAE70A3C219C6BF60081D5E9 /* NSDate+JKReporting.m in Sources */,
				DA19009B219B271000BBCA45 /* BaseModel.m in Sources */,
				DAE70A3B219C6BF60081D5E9 /* NSDate+JKUtilities.m in Sources */,
				DA05623E210A021A00225098 /* AppDelegate.m in Sources */,
				DA190088219B0CCB00BBCA45 /* MyTableViewCell.m in Sources */,
				DA190094219B251300BBCA45 /* AllInterface.m in Sources */,
				DAE70A3E219C6BF60081D5E9 /* NSDate+JKCupertinoYankee.m in Sources */,
				DAE70A38219C6BF60081D5E9 /* NSDate+JKExtension.m in Sources */,
				DAE70A25219C5BCC0081D5E9 /* CustomView.m in Sources */,
			);
			runOnlyForDeploymentPostprocessing = 0;
		};
		DA05624D210A021C00225098 /* Sources */ = {
			isa = PBXSourcesBuildPhase;
			buildActionMask = 2147483647;
			files = (
				DA056256210A021C00225098 /* NewObjTests.m in Sources */,
			);
			runOnlyForDeploymentPostprocessing = 0;
		};
		DA056258210A021C00225098 /* Sources */ = {
			isa = PBXSourcesBuildPhase;
			buildActionMask = 2147483647;
			files = (
				DA056261210A021C00225098 /* NewObjUITests.m in Sources */,
			);
			runOnlyForDeploymentPostprocessing = 0;
		};
/* End PBXSourcesBuildPhase section */

/* Begin PBXTargetDependency section */
		DA056253210A021C00225098 /* PBXTargetDependency */ = {
			isa = PBXTargetDependency;
			target = DA056238210A021A00225098 /* NewObj */;
			targetProxy = DA056252210A021C00225098 /* PBXContainerItemProxy */;
		};
		DA05625E210A021C00225098 /* PBXTargetDependency */ = {
			isa = PBXTargetDependency;
			target = DA056238210A021A00225098 /* NewObj */;
			targetProxy = DA05625D210A021C00225098 /* PBXContainerItemProxy */;
		};
/* End PBXTargetDependency section */

/* Begin PBXVariantGroup section */
		DA056242210A021A00225098 /* Main.storyboard */ = {
			isa = PBXVariantGroup;
			children = (
				DA056243210A021A00225098 /* Base */,
			);
			name = Main.storyboard;
			sourceTree = "<group>";
		};
		DA056247210A021B00225098 /* LaunchScreen.storyboard */ = {
			isa = PBXVariantGroup;
			children = (
				DA056248210A021B00225098 /* Base */,
			);
			name = LaunchScreen.storyboard;
			sourceTree = "<group>";
		};
/* End PBXVariantGroup section */

/* Begin XCBuildConfiguration section */
		DA056263210A021C00225098 /* Debug */ = {
			isa = XCBuildConfiguration;
			buildSettings = {
				ALWAYS_SEARCH_USER_PATHS = NO;
				CLANG_ANALYZER_NONNULL = YES;
				CLANG_ANALYZER_NUMBER_OBJECT_CONVERSION = YES_AGGRESSIVE;
				CLANG_CXX_LANGUAGE_STANDARD = "gnu++14";
				CLANG_CXX_LIBRARY = "libc++";
				CLANG_ENABLE_MODULES = YES;
				CLANG_ENABLE_OBJC_ARC = YES;
				CLANG_ENABLE_OBJC_WEAK = YES;
				CLANG_WARN_BLOCK_CAPTURE_AUTORELEASING = YES;
				CLANG_WARN_BOOL_CONVERSION = YES;
				CLANG_WARN_COMMA = YES;
				CLANG_WARN_CONSTANT_CONVERSION = YES;
				CLANG_WARN_DEPRECATED_OBJC_IMPLEMENTATIONS = YES;
				CLANG_WARN_DIRECT_OBJC_ISA_USAGE = YES_ERROR;
				CLANG_WARN_DOCUMENTATION_COMMENTS = YES;
				CLANG_WARN_EMPTY_BODY = YES;
				CLANG_WARN_ENUM_CONVERSION = YES;
				CLANG_WARN_INFINITE_RECURSION = YES;
				CLANG_WARN_INT_CONVERSION = YES;
				CLANG_WARN_NON_LITERAL_NULL_CONVERSION = YES;
				CLANG_WARN_OBJC_IMPLICIT_RETAIN_SELF = YES;
				CLANG_WARN_OBJC_LITERAL_CONVERSION = YES;
				CLANG_WARN_OBJC_ROOT_CLASS = YES_ERROR;
				CLANG_WARN_RANGE_LOOP_ANALYSIS = YES;
				CLANG_WARN_STRICT_PROTOTYPES = YES;
				CLANG_WARN_SUSPICIOUS_MOVE = YES;
				CLANG_WARN_UNGUARDED_AVAILABILITY = YES_AGGRESSIVE;
				CLANG_WARN_UNREACHABLE_CODE = YES;
				CLANG_WARN__DUPLICATE_METHOD_MATCH = YES;
				CODE_SIGN_IDENTITY = "iPhone Developer";
				COPY_PHASE_STRIP = NO;
				DEBUG_INFORMATION_FORMAT = dwarf;
				ENABLE_STRICT_OBJC_MSGSEND = YES;
				ENABLE_TESTABILITY = YES;
				GCC_C_LANGUAGE_STANDARD = gnu11;
				GCC_DYNAMIC_NO_PIC = NO;
				GCC_NO_COMMON_BLOCKS = YES;
				GCC_OPTIMIZATION_LEVEL = 0;
				GCC_PREPROCESSOR_DEFINITIONS = (
					"DEBUG=1",
					"$(inherited)",
				);
				GCC_WARN_64_TO_32_BIT_CONVERSION = YES;
				GCC_WARN_ABOUT_RETURN_TYPE = YES_ERROR;
				GCC_WARN_UNDECLARED_SELECTOR = YES;
				GCC_WARN_UNINITIALIZED_AUTOS = YES_AGGRESSIVE;
				GCC_WARN_UNUSED_FUNCTION = YES;
				GCC_WARN_UNUSED_VARIABLE = YES;
				IPHONEOS_DEPLOYMENT_TARGET = 11.4;
				MTL_ENABLE_DEBUG_INFO = YES;
				ONLY_ACTIVE_ARCH = YES;
				SDKROOT = iphoneos;
			};
			name = Debug;
		};
		DA056264210A021C00225098 /* Release */ = {
			isa = XCBuildConfiguration;
			buildSettings = {
				ALWAYS_SEARCH_USER_PATHS = NO;
				CLANG_ANALYZER_NONNULL = YES;
				CLANG_ANALYZER_NUMBER_OBJECT_CONVERSION = YES_AGGRESSIVE;
				CLANG_CXX_LANGUAGE_STANDARD = "gnu++14";
				CLANG_CXX_LIBRARY = "libc++";
				CLANG_ENABLE_MODULES = YES;
				CLANG_ENABLE_OBJC_ARC = YES;
				CLANG_ENABLE_OBJC_WEAK = YES;
				CLANG_WARN_BLOCK_CAPTURE_AUTORELEASING = YES;
				CLANG_WARN_BOOL_CONVERSION = YES;
				CLANG_WARN_COMMA = YES;
				CLANG_WARN_CONSTANT_CONVERSION = YES;
				CLANG_WARN_DEPRECATED_OBJC_IMPLEMENTATIONS = YES;
				CLANG_WARN_DIRECT_OBJC_ISA_USAGE = YES_ERROR;
				CLANG_WARN_DOCUMENTATION_COMMENTS = YES;
				CLANG_WARN_EMPTY_BODY = YES;
				CLANG_WARN_ENUM_CONVERSION = YES;
				CLANG_WARN_INFINITE_RECURSION = YES;
				CLANG_WARN_INT_CONVERSION = YES;
				CLANG_WARN_NON_LITERAL_NULL_CONVERSION = YES;
				CLANG_WARN_OBJC_IMPLICIT_RETAIN_SELF = YES;
				CLANG_WARN_OBJC_LITERAL_CONVERSION = YES;
				CLANG_WARN_OBJC_ROOT_CLASS = YES_ERROR;
				CLANG_WARN_RANGE_LOOP_ANALYSIS = YES;
				CLANG_WARN_STRICT_PROTOTYPES = YES;
				CLANG_WARN_SUSPICIOUS_MOVE = YES;
				CLANG_WARN_UNGUARDED_AVAILABILITY = YES_AGGRESSIVE;
				CLANG_WARN_UNREACHABLE_CODE = YES;
				CLANG_WARN__DUPLICATE_METHOD_MATCH = YES;
				CODE_SIGN_IDENTITY = "iPhone Developer";
				COPY_PHASE_STRIP = NO;
				DEBUG_INFORMATION_FORMAT = "dwarf-with-dsym";
				ENABLE_NS_ASSERTIONS = NO;
				ENABLE_STRICT_OBJC_MSGSEND = YES;
				GCC_C_LANGUAGE_STANDARD = gnu11;
				GCC_NO_COMMON_BLOCKS = YES;
				GCC_WARN_64_TO_32_BIT_CONVERSION = YES;
				GCC_WARN_ABOUT_RETURN_TYPE = YES_ERROR;
				GCC_WARN_UNDECLARED_SELECTOR = YES;
				GCC_WARN_UNINITIALIZED_AUTOS = YES_AGGRESSIVE;
				GCC_WARN_UNUSED_FUNCTION = YES;
				GCC_WARN_UNUSED_VARIABLE = YES;
				IPHONEOS_DEPLOYMENT_TARGET = 11.4;
				MTL_ENABLE_DEBUG_INFO = NO;
				SDKROOT = iphoneos;
				VALIDATE_PRODUCT = YES;
			};
			name = Release;
		};
		DA056266210A021C00225098 /* Debug */ = {
			isa = XCBuildConfiguration;
			baseConfigurationReference = CB4CC8F8CBC25FCE81FB6634 /* Pods-NewObj.debug.xcconfig */;
			buildSettings = {
				ASSETCATALOG_COMPILER_APPICON_NAME = AppIcon;
				CODE_SIGN_ENTITLEMENTS = NewObj/NewObj.entitlements;
				CODE_SIGN_IDENTITY = "iPhone Developer";
				CODE_SIGN_STYLE = Manual;
				DEVELOPMENT_TEAM = 52HKCP4F62;
				GCC_PREFIX_HEADER = /Users/guanyunxiu/Desktop/NewObjGit/NewObj/PrefixHeader.pch;
				INFOPLIST_FILE = "$(SRCROOT)/NewObj/Info.plist";
				IPHONEOS_DEPLOYMENT_TARGET = 9.0;
				LD_RUNPATH_SEARCH_PATHS = (
					"$(inherited)",
					"@executable_path/Frameworks",
				);
				PRODUCT_BUNDLE_IDENTIFIER = com.fx.NewObj;
				PRODUCT_NAME = "$(TARGET_NAME)";
				PROVISIONING_PROFILE_SPECIFIER = new;
				TARGETED_DEVICE_FAMILY = "1,2";
			};
			name = Debug;
		};
		DA056267210A021C00225098 /* Release */ = {
			isa = XCBuildConfiguration;
			baseConfigurationReference = 707C27831B1601F779BC9ACB /* Pods-NewObj.release.xcconfig */;
			buildSettings = {
				ASSETCATALOG_COMPILER_APPICON_NAME = AppIcon;
				CODE_SIGN_ENTITLEMENTS = NewObj/NewObj.entitlements;
				CODE_SIGN_IDENTITY = "iPhone Distribution";
				CODE_SIGN_STYLE = Manual;
				DEVELOPMENT_TEAM = 52HKCP4F62;
				GCC_PREFIX_HEADER = /Users/guanyunxiu/Desktop/NewObjGit/NewObj/PrefixHeader.pch;
				INFOPLIST_FILE = "$(SRCROOT)/NewObj/Info.plist";
				IPHONEOS_DEPLOYMENT_TARGET = 9.0;
				LD_RUNPATH_SEARCH_PATHS = (
					"$(inherited)",
					"@executable_path/Frameworks",
				);
				PRODUCT_BUNDLE_IDENTIFIER = com.fx.NewObj;
				PRODUCT_NAME = "$(TARGET_NAME)";
				PROVISIONING_PROFILE_SPECIFIER = adhoc;
				TARGETED_DEVICE_FAMILY = "1,2";
			};
			name = Release;
		};
		DA056269210A021C00225098 /* Debug */ = {
			isa = XCBuildConfiguration;
			buildSettings = {
				BUNDLE_LOADER = "$(TEST_HOST)";
				CODE_SIGN_STYLE = Automatic;
				INFOPLIST_FILE = NewObjTests/Info.plist;
				LD_RUNPATH_SEARCH_PATHS = (
					"$(inherited)",
					"@executable_path/Frameworks",
					"@loader_path/Frameworks",
				);
				PRODUCT_BUNDLE_IDENTIFIER = com.fx.NewObjTests;
				PRODUCT_NAME = "$(TARGET_NAME)";
				TARGETED_DEVICE_FAMILY = "1,2";
				TEST_HOST = "$(BUILT_PRODUCTS_DIR)/NewObj.app/NewObj";
			};
			name = Debug;
		};
		DA05626A210A021C00225098 /* Release */ = {
			isa = XCBuildConfiguration;
			buildSettings = {
				BUNDLE_LOADER = "$(TEST_HOST)";
				CODE_SIGN_STYLE = Automatic;
				INFOPLIST_FILE = NewObjTests/Info.plist;
				LD_RUNPATH_SEARCH_PATHS = (
					"$(inherited)",
					"@executable_path/Frameworks",
					"@loader_path/Frameworks",
				);
				PRODUCT_BUNDLE_IDENTIFIER = com.fx.NewObjTests;
				PRODUCT_NAME = "$(TARGET_NAME)";
				TARGETED_DEVICE_FAMILY = "1,2";
				TEST_HOST = "$(BUILT_PRODUCTS_DIR)/NewObj.app/NewObj";
			};
			name = Release;
		};
		DA05626C210A021C00225098 /* Debug */ = {
			isa = XCBuildConfiguration;
			buildSettings = {
				CODE_SIGN_STYLE = Automatic;
				INFOPLIST_FILE = NewObjUITests/Info.plist;
				LD_RUNPATH_SEARCH_PATHS = (
					"$(inherited)",
					"@executable_path/Frameworks",
					"@loader_path/Frameworks",
				);
				PRODUCT_BUNDLE_IDENTIFIER = com.fx.NewObjUITests;
				PRODUCT_NAME = "$(TARGET_NAME)";
				TARGETED_DEVICE_FAMILY = "1,2";
				TEST_TARGET_NAME = NewObj;
			};
			name = Debug;
		};
		DA05626D210A021C00225098 /* Release */ = {
			isa = XCBuildConfiguration;
			buildSettings = {
				CODE_SIGN_STYLE = Automatic;
				INFOPLIST_FILE = NewObjUITests/Info.plist;
				LD_RUNPATH_SEARCH_PATHS = (
					"$(inherited)",
					"@executable_path/Frameworks",
					"@loader_path/Frameworks",
				);
				PRODUCT_BUNDLE_IDENTIFIER = com.fx.NewObjUITests;
				PRODUCT_NAME = "$(TARGET_NAME)";
				TARGETED_DEVICE_FAMILY = "1,2";
				TEST_TARGET_NAME = NewObj;
			};
			name = Release;
		};
/* End XCBuildConfiguration section */

/* Begin XCConfigurationList section */
		DA056234210A021A00225098 /* Build configuration list for PBXProject "NewObj" */ = {
			isa = XCConfigurationList;
			buildConfigurations = (
				DA056263210A021C00225098 /* Debug */,
				DA056264210A021C00225098 /* Release */,
			);
			defaultConfigurationIsVisible = 0;
			defaultConfigurationName = Release;
		};
		DA056265210A021C00225098 /* Build configuration list for PBXNativeTarget "NewObj" */ = {
			isa = XCConfigurationList;
			buildConfigurations = (
				DA056266210A021C00225098 /* Debug */,
				DA056267210A021C00225098 /* Release */,
			);
			defaultConfigurationIsVisible = 0;
			defaultConfigurationName = Release;
		};
		DA056268210A021C00225098 /* Build configuration list for PBXNativeTarget "NewObjTests" */ = {
			isa = XCConfigurationList;
			buildConfigurations = (
				DA056269210A021C00225098 /* Debug */,
				DA05626A210A021C00225098 /* Release */,
			);
			defaultConfigurationIsVisible = 0;
			defaultConfigurationName = Release;
		};
		DA05626B210A021C00225098 /* Build configuration list for PBXNativeTarget "NewObjUITests" */ = {
			isa = XCConfigurationList;
			buildConfigurations = (
				DA05626C210A021C00225098 /* Debug */,
				DA05626D210A021C00225098 /* Release */,
			);
			defaultConfigurationIsVisible = 0;
			defaultConfigurationName = Release;
		};
/* End XCConfigurationList section */
	};
	rootObject = DA056231210A021A00225098 /* Project object */;
}
